
Microsoft Visual Studio Solution File, Format Version 12.00
# Visual Studio Version 17
VisualStudioVersion = 17.6.33801.468
MinimumVisualStudioVersion = 10.0.40219.1
Project("{FAE04EC0-301F-11D3-BF4B-00C04F79EFBC}") = "PostgreSqlMonitoringBot", "PostgreSqlMonitoringBot.csproj", "{A82F47B2-8E22-4ED9-ADD2-1A34B09E7E10}"
EndProject
Project("{E53339B2-1760-4266-BCC7-CA923CBCF16C}") = "docker-compose", "docker-compose.dcproj", "{46CA9B6F-C7CC-4128-9181-D439D9B15907}"
EndProject
Global
	GlobalSection(SolutionConfigurationPlatforms) = preSolution
		Debug|Any CPU = Debug|Any CPU
		Release|Any CPU = Release|Any CPU
	EndGlobalSection
	GlobalSection(ProjectConfigurationPlatforms) = postSolution
		{A82F47B2-8E22-4ED9-ADD2-1A34B09E7E10}.Debug|Any CPU.ActiveCfg = Debug|Any CPU
		{A82F47B2-8E22-4ED9-ADD2-1A34B09E7E10}.Debug|Any CPU.Build.0 = Debug|Any CPU
		{A82F47B2-8E22-4ED9-ADD2-1A34B09E7E10}.Release|Any CPU.ActiveCfg = Release|Any CPU
		{A82F47B2-8E22-4ED9-ADD2-1A34B09E7E10}.Release|Any CPU.Build.0 = Release|Any CPU
		{46CA9B6F-C7CC-4128-9181-D439D9B15907}.Debug|Any CPU.ActiveCfg = Debug|Any CPU
		{46CA9B6F-C7CC-4128-9181-D439D9B15907}.Debug|Any CPU.Build.0 = Debug|Any CPU
		{46CA9B6F-C7CC-4128-9181-D439D9B15907}.Release|Any CPU.ActiveCfg = Release|Any CPU
		{46CA9B6F-C7CC-4128-9181-D439D9B15907}.Release|Any CPU.Build.0 = Release|Any CPU
	EndGlobalSection
	GlobalSection(SolutionProperties) = preSolution
		HideSolutionNode = FALSE
	EndGlobalSection
	GlobalSection(ExtensibilityGlobals) = postSolution
		SolutionGuid = {1FD200FB-BD62-42A8-9A21-DED537247B7A}
	EndGlobalSection
EndGlobal
